// !$*UTF8*$!
{
	archiveVersion = 1;
	classes = {
	};
	objectVersion = 52;
	objects = {

/* Begin PBXBuildFile section */
		2B226FB022E76D05006A6F92 /* user.swift in Sources */ = {isa = PBXBuildFile; fileRef = 2B226FAF22E76D05006A6F92 /* user.swift */; };
		2B226FB222E77393006A6F92 /* WelcomeViewController.swift in Sources */ = {isa = PBXBuildFile; fileRef = 2B226FB122E77393006A6F92 /* WelcomeViewController.swift */; };
		2B226FB422E77550006A6F92 /* UpdateAccountViewController.swift in Sources */ = {isa = PBXBuildFile; fileRef = 2B226FB322E77550006A6F92 /* UpdateAccountViewController.swift */; };
		2B5A3B8A22EA01FC004DC1AF /* OrderDetailsViewController.swift in Sources */ = {isa = PBXBuildFile; fileRef = 2B5A3B8922EA01FC004DC1AF /* OrderDetailsViewController.swift */; };
		2B858BA522E649F800ED67A5 /* BorderedButton.swift in Sources */ = {isa = PBXBuildFile; fileRef = 2B858BA422E649F800ED67A5 /* BorderedButton.swift */; };
		2B858BA922E653FD00ED67A5 /* MenuViewController.swift in Sources */ = {isa = PBXBuildFile; fileRef = 2B858BA822E653FD00ED67A5 /* MenuViewController.swift */; };
		2B858BAB22E6594A00ED67A5 /* RedeemViewController.swift in Sources */ = {isa = PBXBuildFile; fileRef = 2B858BAA22E6594A00ED67A5 /* RedeemViewController.swift */; };
		2B858BAD22E660BF00ED67A5 /* menu.swift in Sources */ = {isa = PBXBuildFile; fileRef = 2B858BAC22E660BF00ED67A5 /* menu.swift */; };
		2BA15DC222E0E3AA000DF9BE /* AppDelegate.swift in Sources */ = {isa = PBXBuildFile; fileRef = 2BA15DC122E0E3AA000DF9BE /* AppDelegate.swift */; };
		2BA15DC422E0E3AA000DF9BE /* MainViewController.swift in Sources */ = {isa = PBXBuildFile; fileRef = 2BA15DC322E0E3AA000DF9BE /* MainViewController.swift */; };
		2BA15DC722E0E3AA000DF9BE /* Main.storyboard in Resources */ = {isa = PBXBuildFile; fileRef = 2BA15DC522E0E3AA000DF9BE /* Main.storyboard */; };
		2BA15DCC22E0E3AB000DF9BE /* LaunchScreen.storyboard in Resources */ = {isa = PBXBuildFile; fileRef = 2BA15DCA22E0E3AB000DF9BE /* LaunchScreen.storyboard */; };
		2BA15DD422E0E572000DF9BE /* Assets.xcassets in Resources */ = {isa = PBXBuildFile; fileRef = 2BA15DD322E0E572000DF9BE /* Assets.xcassets */; };
		2BFE3CC022E8C4B1005B9591 /* OrdersViewController.swift in Sources */ = {isa = PBXBuildFile; fileRef = 2BFE3CBF22E8C4B1005B9591 /* OrdersViewController.swift */; };
		2BFE3CC222E8CA27005B9591 /* orders.swift in Sources */ = {isa = PBXBuildFile; fileRef = 2BFE3CC122E8CA27005B9591 /* orders.swift */; };
		4B2284A7276CDC6D00700F84 /* FlyBuyNotify.xcframework in Frameworks */ = {isa = PBXBuildFile; fileRef = 4B2284A4276CDC6D00700F84 /* FlyBuyNotify.xcframework */; };
		4B2284A8276CDC6D00700F84 /* FlyBuyPickup.xcframework in Frameworks */ = {isa = PBXBuildFile; fileRef = 4B2284A5276CDC6D00700F84 /* FlyBuyPickup.xcframework */; };
		4B2284A9276CDC6D00700F84 /* FlyBuy.xcframework in Frameworks */ = {isa = PBXBuildFile; fileRef = 4B2284A6276CDC6D00700F84 /* FlyBuy.xcframework */; };
/* End PBXBuildFile section */

/* Begin PBXCopyFilesBuildPhase section */
		2BD3DD3D24216327000F06F5 /* Embed Frameworks */ = {
			isa = PBXCopyFilesBuildPhase;
			buildActionMask = 2147483647;
			dstPath = "";
			dstSubfolderSpec = 10;
			files = (
			);
			name = "Embed Frameworks";
			runOnlyForDeploymentPostprocessing = 0;
		};
/* End PBXCopyFilesBuildPhase section */

/* Begin PBXFileReference section */
		2896395236E21C39B14CB6C1 /* Pods_FlyBuy_Example.framework */ = {isa = PBXFileReference; explicitFileType = wrapper.framework; includeInIndex = 0; path = Pods_FlyBuy_Example.framework; sourceTree = BUILT_PRODUCTS_DIR; };
		2B226FAF22E76D05006A6F92 /* user.swift */ = {isa = PBXFileReference; lastKnownFileType = sourcecode.swift; path = user.swift; sourceTree = "<group>"; };
		2B226FB122E77393006A6F92 /* WelcomeViewController.swift */ = {isa = PBXFileReference; lastKnownFileType = sourcecode.swift; path = WelcomeViewController.swift; sourceTree = "<group>"; };
		2B226FB322E77550006A6F92 /* UpdateAccountViewController.swift */ = {isa = PBXFileReference; lastKnownFileType = sourcecode.swift; path = UpdateAccountViewController.swift; sourceTree = "<group>"; };
		2B5A3B8922EA01FC004DC1AF /* OrderDetailsViewController.swift */ = {isa = PBXFileReference; lastKnownFileType = sourcecode.swift; path = OrderDetailsViewController.swift; sourceTree = "<group>"; };
		2B858BA422E649F800ED67A5 /* BorderedButton.swift */ = {isa = PBXFileReference; lastKnownFileType = sourcecode.swift; path = BorderedButton.swift; sourceTree = "<group>"; };
		2B858BA822E653FD00ED67A5 /* MenuViewController.swift */ = {isa = PBXFileReference; lastKnownFileType = sourcecode.swift; path = MenuViewController.swift; sourceTree = "<group>"; };
		2B858BAA22E6594A00ED67A5 /* RedeemViewController.swift */ = {isa = PBXFileReference; lastKnownFileType = sourcecode.swift; path = RedeemViewController.swift; sourceTree = "<group>"; };
		2B858BAC22E660BF00ED67A5 /* menu.swift */ = {isa = PBXFileReference; lastKnownFileType = sourcecode.swift; path = menu.swift; sourceTree = "<group>"; };
		2BA15DBE22E0E3AA000DF9BE /* FlyBuy Example.app */ = {isa = PBXFileReference; explicitFileType = wrapper.application; includeInIndex = 0; path = "FlyBuy Example.app"; sourceTree = BUILT_PRODUCTS_DIR; };
		2BA15DC122E0E3AA000DF9BE /* AppDelegate.swift */ = {isa = PBXFileReference; lastKnownFileType = sourcecode.swift; path = AppDelegate.swift; sourceTree = "<group>"; };
		2BA15DC322E0E3AA000DF9BE /* MainViewController.swift */ = {isa = PBXFileReference; lastKnownFileType = sourcecode.swift; path = MainViewController.swift; sourceTree = "<group>"; };
		2BA15DC622E0E3AA000DF9BE /* Base */ = {isa = PBXFileReference; lastKnownFileType = file.storyboard; name = Base; path = Base.lproj/Main.storyboard; sourceTree = "<group>"; };
		2BA15DCB22E0E3AB000DF9BE /* Base */ = {isa = PBXFileReference; lastKnownFileType = file.storyboard; name = Base; path = Base.lproj/LaunchScreen.storyboard; sourceTree = "<group>"; };
		2BA15DCD22E0E3AB000DF9BE /* Info.plist */ = {isa = PBXFileReference; lastKnownFileType = text.plist.xml; path = Info.plist; sourceTree = "<group>"; };
		2BA15DD322E0E572000DF9BE /* Assets.xcassets */ = {isa = PBXFileReference; lastKnownFileType = folder.assetcatalog; path = Assets.xcassets; sourceTree = "<group>"; };
		2BFE3CBF22E8C4B1005B9591 /* OrdersViewController.swift */ = {isa = PBXFileReference; lastKnownFileType = sourcecode.swift; path = OrdersViewController.swift; sourceTree = "<group>"; };
		2BFE3CC122E8CA27005B9591 /* orders.swift */ = {isa = PBXFileReference; lastKnownFileType = sourcecode.swift; path = orders.swift; sourceTree = "<group>"; };
		3DE27AE569CF9A327D5E516D /* Pods-FlyBuy Example.release.xcconfig */ = {isa = PBXFileReference; includeInIndex = 1; lastKnownFileType = text.xcconfig; name = "Pods-FlyBuy Example.release.xcconfig"; path = "Target Support Files/Pods-FlyBuy Example/Pods-FlyBuy Example.release.xcconfig"; sourceTree = "<group>"; };
		4B2284A4276CDC6D00700F84 /* FlyBuyNotify.xcframework */ = {isa = PBXFileReference; lastKnownFileType = wrapper.xcframework; name = FlyBuyNotify.xcframework; path = "../../../Downloads/flybuy-ios-2.2.2/FlyBuyNotify.xcframework"; sourceTree = "<group>"; };
		4B2284A5276CDC6D00700F84 /* FlyBuyPickup.xcframework */ = {isa = PBXFileReference; lastKnownFileType = wrapper.xcframework; name = FlyBuyPickup.xcframework; path = "../../../Downloads/flybuy-ios-2.2.2/FlyBuyPickup.xcframework"; sourceTree = "<group>"; };
		4B2284A6276CDC6D00700F84 /* FlyBuy.xcframework */ = {isa = PBXFileReference; lastKnownFileType = wrapper.xcframework; name = FlyBuy.xcframework; path = "../../../Downloads/flybuy-ios-2.2.2/FlyBuy.xcframework"; sourceTree = "<group>"; };
		6184FA1E24B4D35800C8B2C8 /* FlyBuy Example.entitlements */ = {isa = PBXFileReference; lastKnownFileType = text.plist.entitlements; path = "FlyBuy Example.entitlements"; sourceTree = "<group>"; };
		97AB1D38C784685BF94D7728 /* Pods-FlyBuy Example.debug.xcconfig */ = {isa = PBXFileReference; includeInIndex = 1; lastKnownFileType = text.xcconfig; name = "Pods-FlyBuy Example.debug.xcconfig"; path = "Target Support Files/Pods-FlyBuy Example/Pods-FlyBuy Example.debug.xcconfig"; sourceTree = "<group>"; };
/* End PBXFileReference section */

/* Begin PBXFrameworksBuildPhase section */
		2BA15DBB22E0E3AA000DF9BE /* Frameworks */ = {
			isa = PBXFrameworksBuildPhase;
			buildActionMask = 2147483647;
			files = (
				4B2284A7276CDC6D00700F84 /* FlyBuyNotify.xcframework in Frameworks */,
				4B2284A8276CDC6D00700F84 /* FlyBuyPickup.xcframework in Frameworks */,
				4B2284A9276CDC6D00700F84 /* FlyBuy.xcframework in Frameworks */,
			);
			runOnlyForDeploymentPostprocessing = 0;
		};
/* End PBXFrameworksBuildPhase section */

/* Begin PBXGroup section */
		2B226FB522E77564006A6F92 /* View Controllers */ = {
			isa = PBXGroup;
			children = (
				2B226FB322E77550006A6F92 /* UpdateAccountViewController.swift */,
				2B226FB122E77393006A6F92 /* WelcomeViewController.swift */,
				2B858BAA22E6594A00ED67A5 /* RedeemViewController.swift */,
				2B858BA822E653FD00ED67A5 /* MenuViewController.swift */,
				2BA15DC322E0E3AA000DF9BE /* MainViewController.swift */,
				2BFE3CBF22E8C4B1005B9591 /* OrdersViewController.swift */,
				2B5A3B8922EA01FC004DC1AF /* OrderDetailsViewController.swift */,
			);
			path = "View Controllers";
			sourceTree = "<group>";
		};
		2B226FB622E7757D006A6F92 /* Models */ = {
			isa = PBXGroup;
			children = (
				2B858BAC22E660BF00ED67A5 /* menu.swift */,
				2B226FAF22E76D05006A6F92 /* user.swift */,
				2BFE3CC122E8CA27005B9591 /* orders.swift */,
			);
			path = Models;
			sourceTree = "<group>";
		};
		2B226FB722E775A4006A6F92 /* Extensions */ = {
			isa = PBXGroup;
			children = (
				2B858BA422E649F800ED67A5 /* BorderedButton.swift */,
			);
			path = Extensions;
			sourceTree = "<group>";
		};
		2B226FB822E775B2006A6F92 /* Storyboards */ = {
			isa = PBXGroup;
			children = (
				2BA15DCA22E0E3AB000DF9BE /* LaunchScreen.storyboard */,
				2BA15DC522E0E3AA000DF9BE /* Main.storyboard */,
			);
			path = Storyboards;
			sourceTree = "<group>";
		};
		2B226FB922E775C7006A6F92 /* Assets */ = {
			isa = PBXGroup;
			children = (
				2BA15DD322E0E572000DF9BE /* Assets.xcassets */,
			);
			path = Assets;
			sourceTree = "<group>";
		};
		2B63310122F0EDA400C1814A /* Frameworks */ = {
			isa = PBXGroup;
			children = (
				4B2284A6276CDC6D00700F84 /* FlyBuy.xcframework */,
				4B2284A4276CDC6D00700F84 /* FlyBuyNotify.xcframework */,
				4B2284A5276CDC6D00700F84 /* FlyBuyPickup.xcframework */,
				2896395236E21C39B14CB6C1 /* Pods_FlyBuy_Example.framework */,
			);
			name = Frameworks;
			sourceTree = "<group>";
		};
		2BA15DB522E0E3AA000DF9BE = {
			isa = PBXGroup;
			children = (
				2BA15DC022E0E3AA000DF9BE /* FlyBuy Example */,
				2BA15DBF22E0E3AA000DF9BE /* Products */,
				2B63310122F0EDA400C1814A /* Frameworks */,
				3A98BF1D679B05ED1BF9D87B /* Pods */,
			);
			sourceTree = "<group>";
		};
		2BA15DBF22E0E3AA000DF9BE /* Products */ = {
			isa = PBXGroup;
			children = (
				2BA15DBE22E0E3AA000DF9BE /* FlyBuy Example.app */,
			);
			name = Products;
			sourceTree = "<group>";
		};
		2BA15DC022E0E3AA000DF9BE /* FlyBuy Example */ = {
			isa = PBXGroup;
			children = (
				6184FA1E24B4D35800C8B2C8 /* FlyBuy Example.entitlements */,
				2B226FB922E775C7006A6F92 /* Assets */,
				2B226FB822E775B2006A6F92 /* Storyboards */,
				2B226FB722E775A4006A6F92 /* Extensions */,
				2B226FB622E7757D006A6F92 /* Models */,
				2B226FB522E77564006A6F92 /* View Controllers */,
				2BA15DC122E0E3AA000DF9BE /* AppDelegate.swift */,
				2BA15DCD22E0E3AB000DF9BE /* Info.plist */,
			);
			path = "FlyBuy Example";
			sourceTree = "<group>";
		};
		3A98BF1D679B05ED1BF9D87B /* Pods */ = {
			isa = PBXGroup;
			children = (
				97AB1D38C784685BF94D7728 /* Pods-FlyBuy Example.debug.xcconfig */,
				3DE27AE569CF9A327D5E516D /* Pods-FlyBuy Example.release.xcconfig */,
			);
			path = Pods;
			sourceTree = "<group>";
		};
/* End PBXGroup section */

/* Begin PBXNativeTarget section */
		2BA15DBD22E0E3AA000DF9BE /* FlyBuy Example */ = {
			isa = PBXNativeTarget;
			buildConfigurationList = 2BA15DD022E0E3AB000DF9BE /* Build configuration list for PBXNativeTarget "FlyBuy Example" */;
			buildPhases = (
				2315E797C66E6F628BD5B20A /* [CP] Check Pods Manifest.lock */,
				2BA15DBA22E0E3AA000DF9BE /* Sources */,
				2BA15DBB22E0E3AA000DF9BE /* Frameworks */,
				2BA15DBC22E0E3AA000DF9BE /* Resources */,
				2BD3DD3D24216327000F06F5 /* Embed Frameworks */,
				936BE05D423525049ACE286D /* [CP] Embed Pods Frameworks */,
			);
			buildRules = (
			);
			dependencies = (
			);
			name = "FlyBuy Example";
			packageProductDependencies = (
			);
			productName = "FlyBuy Example";
			productReference = 2BA15DBE22E0E3AA000DF9BE /* FlyBuy Example.app */;
			productType = "com.apple.product-type.application";
		};
/* End PBXNativeTarget section */

/* Begin PBXProject section */
		2BA15DB622E0E3AA000DF9BE /* Project object */ = {
			isa = PBXProject;
			attributes = {
				LastSwiftUpdateCheck = 1020;
				LastUpgradeCheck = 1020;
				ORGANIZATIONNAME = "Radius Networks";
				TargetAttributes = {
					2BA15DBD22E0E3AA000DF9BE = {
						CreatedOnToolsVersion = 10.2.1;
						SystemCapabilities = {
							com.apple.BackgroundModes = {
								enabled = 1;
							};
						};
					};
				};
			};
			buildConfigurationList = 2BA15DB922E0E3AA000DF9BE /* Build configuration list for PBXProject "FlyBuy Example" */;
			compatibilityVersion = "Xcode 9.3";
			developmentRegion = en;
			hasScannedForEncodings = 0;
			knownRegions = (
				en,
				Base,
			);
			mainGroup = 2BA15DB522E0E3AA000DF9BE;
			packageReferences = (
			);
			productRefGroup = 2BA15DBF22E0E3AA000DF9BE /* Products */;
			projectDirPath = "";
			projectRoot = "";
			targets = (
				2BA15DBD22E0E3AA000DF9BE /* FlyBuy Example */,
			);
		};
/* End PBXProject section */

/* Begin PBXResourcesBuildPhase section */
		2BA15DBC22E0E3AA000DF9BE /* Resources */ = {
			isa = PBXResourcesBuildPhase;
			buildActionMask = 2147483647;
			files = (
				2BA15DCC22E0E3AB000DF9BE /* LaunchScreen.storyboard in Resources */,
				2BA15DD422E0E572000DF9BE /* Assets.xcassets in Resources */,
				2BA15DC722E0E3AA000DF9BE /* Main.storyboard in Resources */,
			);
			runOnlyForDeploymentPostprocessing = 0;
		};
/* End PBXResourcesBuildPhase section */

/* Begin PBXShellScriptBuildPhase section */
		2315E797C66E6F628BD5B20A /* [CP] Check Pods Manifest.lock */ = {
			isa = PBXShellScriptBuildPhase;
			buildActionMask = 2147483647;
			files = (
			);
			inputFileListPaths = (
			);
			inputPaths = (
				"${PODS_PODFILE_DIR_PATH}/Podfile.lock",
				"${PODS_ROOT}/Manifest.lock",
			);
			name = "[CP] Check Pods Manifest.lock";
			outputFileListPaths = (
			);
			outputPaths = (
				"$(DERIVED_FILE_DIR)/Pods-FlyBuy Example-checkManifestLockResult.txt",
			);
			runOnlyForDeploymentPostprocessing = 0;
			shellPath = /bin/sh;
			shellScript = "diff \"${PODS_PODFILE_DIR_PATH}/Podfile.lock\" \"${PODS_ROOT}/Manifest.lock\" > /dev/null\nif [ $? != 0 ] ; then\n    # print error to STDERR\n    echo \"error: The sandbox is not in sync with the Podfile.lock. Run 'pod install' or update your CocoaPods installation.\" >&2\n    exit 1\nfi\n# This output is used by Xcode 'outputs' to avoid re-running this script phase.\necho \"SUCCESS\" > \"${SCRIPT_OUTPUT_FILE_0}\"\n";
			showEnvVarsInLog = 0;
		};
		936BE05D423525049ACE286D /* [CP] Embed Pods Frameworks */ = {
			isa = PBXShellScriptBuildPhase;
			buildActionMask = 2147483647;
			files = (
			);
			inputFileListPaths = (
				"${PODS_ROOT}/Target Support Files/Pods-FlyBuy Example/Pods-FlyBuy Example-frameworks-${CONFIGURATION}-input-files.xcfilelist",
			);
			name = "[CP] Embed Pods Frameworks";
			outputFileListPaths = (
				"${PODS_ROOT}/Target Support Files/Pods-FlyBuy Example/Pods-FlyBuy Example-frameworks-${CONFIGURATION}-output-files.xcfilelist",
			);
			runOnlyForDeploymentPostprocessing = 0;
			shellPath = /bin/sh;
			shellScript = "\"${PODS_ROOT}/Target Support Files/Pods-FlyBuy Example/Pods-FlyBuy Example-frameworks.sh\"\n";
			showEnvVarsInLog = 0;
		};
/* End PBXShellScriptBuildPhase section */

/* Begin PBXSourcesBuildPhase section */
		2BA15DBA22E0E3AA000DF9BE /* Sources */ = {
			isa = PBXSourcesBuildPhase;
			buildActionMask = 2147483647;
			files = (
				2BA15DC422E0E3AA000DF9BE /* MainViewController.swift in Sources */,
				2B226FB222E77393006A6F92 /* WelcomeViewController.swift in Sources */,
				2B858BAD22E660BF00ED67A5 /* menu.swift in Sources */,
				2BFE3CC022E8C4B1005B9591 /* OrdersViewController.swift in Sources */,
				2B226FB022E76D05006A6F92 /* user.swift in Sources */,
				2B858BA522E649F800ED67A5 /* BorderedButton.swift in Sources */,
				2BA15DC222E0E3AA000DF9BE /* AppDelegate.swift in Sources */,
				2B226FB422E77550006A6F92 /* UpdateAccountViewController.swift in Sources */,
				2B858BAB22E6594A00ED67A5 /* RedeemViewController.swift in Sources */,
				2B5A3B8A22EA01FC004DC1AF /* OrderDetailsViewController.swift in Sources */,
				2BFE3CC222E8CA27005B9591 /* orders.swift in Sources */,
				2B858BA922E653FD00ED67A5 /* MenuViewController.swift in Sources */,
			);
			runOnlyForDeploymentPostprocessing = 0;
		};
/* End PBXSourcesBuildPhase section */

/* Begin PBXVariantGroup section */
		2BA15DC522E0E3AA000DF9BE /* Main.storyboard */ = {
			isa = PBXVariantGroup;
			children = (
				2BA15DC622E0E3AA000DF9BE /* Base */,
			);
			name = Main.storyboard;
			sourceTree = "<group>";
		};
		2BA15DCA22E0E3AB000DF9BE /* LaunchScreen.storyboard */ = {
			isa = PBXVariantGroup;
			children = (
				2BA15DCB22E0E3AB000DF9BE /* Base */,
			);
			name = LaunchScreen.storyboard;
			sourceTree = "<group>";
		};
/* End PBXVariantGroup section */

/* Begin XCBuildConfiguration section */
		2BA15DCE22E0E3AB000DF9BE /* Debug */ = {
			isa = XCBuildConfiguration;
			buildSettings = {
				ALWAYS_SEARCH_USER_PATHS = NO;
				CLANG_ANALYZER_NONNULL = YES;
				CLANG_ANALYZER_NUMBER_OBJECT_CONVERSION = YES_AGGRESSIVE;
				CLANG_CXX_LANGUAGE_STANDARD = "gnu++14";
				CLANG_CXX_LIBRARY = "libc++";
				CLANG_ENABLE_MODULES = YES;
				CLANG_ENABLE_OBJC_ARC = YES;
				CLANG_ENABLE_OBJC_WEAK = YES;
				CLANG_WARN_BLOCK_CAPTURE_AUTORELEASING = YES;
				CLANG_WARN_BOOL_CONVERSION = YES;
				CLANG_WARN_COMMA = YES;
				CLANG_WARN_CONSTANT_CONVERSION = YES;
				CLANG_WARN_DEPRECATED_OBJC_IMPLEMENTATIONS = YES;
				CLANG_WARN_DIRECT_OBJC_ISA_USAGE = YES_ERROR;
				CLANG_WARN_DOCUMENTATION_COMMENTS = YES;
				CLANG_WARN_EMPTY_BODY = YES;
				CLANG_WARN_ENUM_CONVERSION = YES;
				CLANG_WARN_INFINITE_RECURSION = YES;
				CLANG_WARN_INT_CONVERSION = YES;
				CLANG_WARN_NON_LITERAL_NULL_CONVERSION = YES;
				CLANG_WARN_OBJC_IMPLICIT_RETAIN_SELF = YES;
				CLANG_WARN_OBJC_LITERAL_CONVERSION = YES;
				CLANG_WARN_OBJC_ROOT_CLASS = YES_ERROR;
				CLANG_WARN_RANGE_LOOP_ANALYSIS = YES;
				CLANG_WARN_STRICT_PROTOTYPES = YES;
				CLANG_WARN_SUSPICIOUS_MOVE = YES;
				CLANG_WARN_UNGUARDED_AVAILABILITY = YES_AGGRESSIVE;
				CLANG_WARN_UNREACHABLE_CODE = YES;
				CLANG_WARN__DUPLICATE_METHOD_MATCH = YES;
				CODE_SIGN_IDENTITY = "iPhone Developer";
				COPY_PHASE_STRIP = NO;
				DEBUG_INFORMATION_FORMAT = dwarf;
				ENABLE_STRICT_OBJC_MSGSEND = YES;
				ENABLE_TESTABILITY = YES;
				GCC_C_LANGUAGE_STANDARD = gnu11;
				GCC_DYNAMIC_NO_PIC = NO;
				GCC_NO_COMMON_BLOCKS = YES;
				GCC_OPTIMIZATION_LEVEL = 0;
				GCC_PREPROCESSOR_DEFINITIONS = (
					"DEBUG=1",
					"$(inherited)",
				);
				GCC_WARN_64_TO_32_BIT_CONVERSION = YES;
				GCC_WARN_ABOUT_RETURN_TYPE = YES_ERROR;
				GCC_WARN_UNDECLARED_SELECTOR = YES;
				GCC_WARN_UNINITIALIZED_AUTOS = YES_AGGRESSIVE;
				GCC_WARN_UNUSED_FUNCTION = YES;
				GCC_WARN_UNUSED_VARIABLE = YES;
				IPHONEOS_DEPLOYMENT_TARGET = 12.2;
				MTL_ENABLE_DEBUG_INFO = INCLUDE_SOURCE;
				MTL_FAST_MATH = YES;
				ONLY_ACTIVE_ARCH = YES;
				SDKROOT = iphoneos;
				SWIFT_ACTIVE_COMPILATION_CONDITIONS = DEBUG;
				SWIFT_OPTIMIZATION_LEVEL = "-Onone";
			};
			name = Debug;
		};
		2BA15DCF22E0E3AB000DF9BE /* Release */ = {
			isa = XCBuildConfiguration;
			buildSettings = {
				ALWAYS_SEARCH_USER_PATHS = NO;
				CLANG_ANALYZER_NONNULL = YES;
				CLANG_ANALYZER_NUMBER_OBJECT_CONVERSION = YES_AGGRESSIVE;
				CLANG_CXX_LANGUAGE_STANDARD = "gnu++14";
				CLANG_CXX_LIBRARY = "libc++";
				CLANG_ENABLE_MODULES = YES;
				CLANG_ENABLE_OBJC_ARC = YES;
				CLANG_ENABLE_OBJC_WEAK = YES;
				CLANG_WARN_BLOCK_CAPTURE_AUTORELEASING = YES;
				CLANG_WARN_BOOL_CONVERSION = YES;
				CLANG_WARN_COMMA = YES;
				CLANG_WARN_CONSTANT_CONVERSION = YES;
				CLANG_WARN_DEPRECATED_OBJC_IMPLEMENTATIONS = YES;
				CLANG_WARN_DIRECT_OBJC_ISA_USAGE = YES_ERROR;
				CLANG_WARN_DOCUMENTATION_COMMENTS = YES;
				CLANG_WARN_EMPTY_BODY = YES;
				CLANG_WARN_ENUM_CONVERSION = YES;
				CLANG_WARN_INFINITE_RECURSION = YES;
				CLANG_WARN_INT_CONVERSION = YES;
				CLANG_WARN_NON_LITERAL_NULL_CONVERSION = YES;
				CLANG_WARN_OBJC_IMPLICIT_RETAIN_SELF = YES;
				CLANG_WARN_OBJC_LITERAL_CONVERSION = YES;
				CLANG_WARN_OBJC_ROOT_CLASS = YES_ERROR;
				CLANG_WARN_RANGE_LOOP_ANALYSIS = YES;
				CLANG_WARN_STRICT_PROTOTYPES = YES;
				CLANG_WARN_SUSPICIOUS_MOVE = YES;
				CLANG_WARN_UNGUARDED_AVAILABILITY = YES_AGGRESSIVE;
				CLANG_WARN_UNREACHABLE_CODE = YES;
				CLANG_WARN__DUPLICATE_METHOD_MATCH = YES;
				CODE_SIGN_IDENTITY = "iPhone Developer";
				COPY_PHASE_STRIP = NO;
				DEBUG_INFORMATION_FORMAT = "dwarf-with-dsym";
				ENABLE_NS_ASSERTIONS = NO;
				ENABLE_STRICT_OBJC_MSGSEND = YES;
				GCC_C_LANGUAGE_STANDARD = gnu11;
				GCC_NO_COMMON_BLOCKS = YES;
				GCC_WARN_64_TO_32_BIT_CONVERSION = YES;
				GCC_WARN_ABOUT_RETURN_TYPE = YES_ERROR;
				GCC_WARN_UNDECLARED_SELECTOR = YES;
				GCC_WARN_UNINITIALIZED_AUTOS = YES_AGGRESSIVE;
				GCC_WARN_UNUSED_FUNCTION = YES;
				GCC_WARN_UNUSED_VARIABLE = YES;
				IPHONEOS_DEPLOYMENT_TARGET = 12.2;
				MTL_ENABLE_DEBUG_INFO = NO;
				MTL_FAST_MATH = YES;
				SDKROOT = iphoneos;
				SWIFT_COMPILATION_MODE = wholemodule;
				SWIFT_OPTIMIZATION_LEVEL = "-O";
				VALIDATE_PRODUCT = YES;
			};
			name = Release;
		};
		2BA15DD122E0E3AB000DF9BE /* Debug */ = {
			isa = XCBuildConfiguration;
			baseConfigurationReference = 97AB1D38C784685BF94D7728 /* Pods-FlyBuy Example.debug.xcconfig */;
			buildSettings = {
				ASSETCATALOG_COMPILER_APPICON_NAME = AppIcon;
				CODE_SIGN_ENTITLEMENTS = "FlyBuy Example/FlyBuy Example.entitlements";
				CODE_SIGN_STYLE = Automatic;
				DEVELOPMENT_TEAM = DF6DBXCH9A;
				FRAMEWORK_SEARCH_PATHS = (
					"$(inherited)",
					"$(PROJECT_DIR)",
					"$(PROJECT_DIR)/FlyBuy\\ Example",
					"$(PROJECT_DIR)/FlyBuy\\ Example",
				);
				INFOPLIST_FILE = "FlyBuy Example/Info.plist";
				LD_RUNPATH_SEARCH_PATHS = (
					"$(inherited)",
					"@executable_path/Frameworks",
				);
				PRODUCT_BUNDLE_IDENTIFIER = "com.radiusnetworks.flybuy.ios-example";
				PRODUCT_NAME = "$(TARGET_NAME)";
				SWIFT_VERSION = 5.0;
				TARGETED_DEVICE_FAMILY = "1,2";
			};
			name = Debug;
		};
		2BA15DD222E0E3AB000DF9BE /* Release */ = {
			isa = XCBuildConfiguration;
			baseConfigurationReference = 3DE27AE569CF9A327D5E516D /* Pods-FlyBuy Example.release.xcconfig */;
			buildSettings = {
				ASSETCATALOG_COMPILER_APPICON_NAME = AppIcon;
				CODE_SIGN_ENTITLEMENTS = "FlyBuy Example/FlyBuy Example.entitlements";
				CODE_SIGN_STYLE = Automatic;
				DEVELOPMENT_TEAM = DF6DBXCH9A;
				FRAMEWORK_SEARCH_PATHS = (
					"$(inherited)",
					"$(PROJECT_DIR)",
					"$(PROJECT_DIR)/FlyBuy\\ Example",
					"$(PROJECT_DIR)/FlyBuy\\ Example",
				);
				INFOPLIST_FILE = "FlyBuy Example/Info.plist";
				LD_RUNPATH_SEARCH_PATHS = (
					"$(inherited)",
					"@executable_path/Frameworks",
				);
				PRODUCT_BUNDLE_IDENTIFIER = "com.radiusnetworks.flybuy.ios-example";
				PRODUCT_NAME = "$(TARGET_NAME)";
				SWIFT_VERSION = 5.0;
				TARGETED_DEVICE_FAMILY = "1,2";
			};
			name = Release;
		};
/* End XCBuildConfiguration section */

/* Begin XCConfigurationList section */
		2BA15DB922E0E3AA000DF9BE /* Build configuration list for PBXProject "FlyBuy Example" */ = {
			isa = XCConfigurationList;
			buildConfigurations = (
				2BA15DCE22E0E3AB000DF9BE /* Debug */,
				2BA15DCF22E0E3AB000DF9BE /* Release */,
			);
			defaultConfigurationIsVisible = 0;
			defaultConfigurationName = Release;
		};
		2BA15DD022E0E3AB000DF9BE /* Build configuration list for PBXNativeTarget "FlyBuy Example" */ = {
			isa = XCConfigurationList;
			buildConfigurations = (
				2BA15DD122E0E3AB000DF9BE /* Debug */,
				2BA15DD222E0E3AB000DF9BE /* Release */,
			);
			defaultConfigurationIsVisible = 0;
			defaultConfigurationName = Release;
		};
/* End XCConfigurationList section */
	};
	rootObject = 2BA15DB622E0E3AA000DF9BE /* Project object */;
}
