{
  "pins" : [
    {
      "identity" : "flybuy-ios",
      "kind" : "remoteSourceControl",
      "location" : "https://github.com/RadiusNetworks/flybuy-ios",
      "state" : {
        "revision" : "b66e5bbec1ac5691e8441b6d2ab36ccd6e810229",
        "version" : "2.7.1"
      }
    }
  ],
  "version" : 2
}
