{
  "object": {
    "pins": [
      {
        "package": "FlyBuy",
        "repositoryURL": "git@github.com:RadiusNetworks/flybuy-ios.git",
        "state": {
          "branch": null,
          "revision": "9e5525b5d34dea146435c674825964691dacdb2f",
          "version": "2.0.72"
        }
      }
    ]
  },
  "version": 1
}
