{
  "object": {
    "pins": [
      {
        "package": "FlyBuy",
        "repositoryURL": "git@github.com:RadiusNetworks/flybuy-ios.git",
        "state": {
          "branch": null,
          "revision": "aaa45de4be23e8d3845d292a8a93e784bb2ffbcb",
          "version": "2.0.70"
        }
      }
    ]
  },
  "version": 1
}
